Microsoft Visual Studio Solution File, Format Version 12.00
# Visual Studio 14
VisualStudioVersion = 14.0.25420.1
MinimumVisualStudioVersion = 10.0.40219.1
Project("{FAE04EC0-301F-11D3-BF4B-00C04F79EFBC}") = "PlayPact.OpenAPI", "src\PlayPact.OpenAPI\PlayPact.OpenAPI.csproj", "{86000D56-BBE3-4AAE-8AC4-7661739599C2}"
EndProject
Project("{FAE04EC0-301F-11D3-BF4B-00C04F79EFBC}") = "PlayPact.OpenAPI.Test", "src\PlayPact.OpenAPI.Test\PlayPact.OpenAPI.Test.csproj", "{19F1DEBC-DE5E-4517-8062-F000CD499087}"
EndProject
Global
	GlobalSection(SolutionConfigurationPlatforms) = preSolution
		Debug|Any CPU = Debug|Any CPU
		Release|Any CPU = Release|Any CPU
	EndGlobalSection
	GlobalSection(ProjectConfigurationPlatforms) = postSolution
		{86000D56-BBE3-4AAE-8AC4-7661739599C2}.Debug|Any CPU.ActiveCfg = Debug|Any CPU
		{86000D56-BBE3-4AAE-8AC4-7661739599C2}.Debug|Any CPU.Build.0 = Debug|Any CPU
		{86000D56-BBE3-4AAE-8AC4-7661739599C2}.Release|Any CPU.ActiveCfg = Release|Any CPU
		{86000D56-BBE3-4AAE-8AC4-7661739599C2}.Release|Any CPU.Build.0 = Release|Any CPU
		{19F1DEBC-DE5E-4517-8062-F000CD499087}.Debug|Any CPU.ActiveCfg = Debug|Any CPU
		{19F1DEBC-DE5E-4517-8062-F000CD499087}.Debug|Any CPU.Build.0 = Debug|Any CPU
		{19F1DEBC-DE5E-4517-8062-F000CD499087}.Release|Any CPU.ActiveCfg = Release|Any CPU
		{19F1DEBC-DE5E-4517-8062-F000CD499087}.Release|Any CPU.Build.0 = Release|Any CPU
	EndGlobalSection
	GlobalSection(SolutionProperties) = preSolution
		HideSolutionNode = FALSE
	EndGlobalSection
EndGlobal